[[package]]
name = "pyyaml"
version = "6.0.1"
description = "YAML parser and emitter for Python"
category = "main"
optional = false
python-versions = ">=3.6"

[[package]]
name = "termcolor"
version = "1.1.0"
description = "ANSII Color formatting for output in terminal."
category = "main"
optional = false
python-versions = "*"

[metadata]
lock-version = "1.1"
python-versions = '^3.6'
content-hash = "50172050aa957c7e3f0654feb81c0f8911cf6298f1c338fd5aeb0cc4ab9b8de3"

[metadata.files]
pyyaml = []
termcolor = []
